{
  "name": "stz",
  "version": "0.0.1",
  "lockfileVersion": 2,
  "requires": true,
  "packages": {
    "": {
      "name": "stz",
      "version": "0.0.1",
      "license": "MIT",
      "dependencies": {
        "minimist": "^1.2.5",
        "spacetime": "^6.13.1",
        "timezone-soft": "^1.2.0"
      },
      "bin": {
        "stz": "cli.js"
      },
      "engines": {
        "node": ">=8"
      }
    },
    "node_modules/efrt-unpack": {
      "version": "2.2.0",
      "resolved": "https://registry.npmjs.org/efrt-unpack/-/efrt-unpack-2.2.0.tgz",
      "integrity": "sha512-9xUSSj7qcUxz+0r4X3+bwUNttEfGfK5AH+LVa1aTpqdAfrN5VhROYCfcF+up4hp5OL7IUKcZJJrzAGipQRDoiQ=="
    },
    "node_modules/minimist": {
      "version": "1.2.5",
      "resolved": "https://registry.npmjs.org/minimist/-/minimist-1.2.5.tgz",
      "integrity": "sha512-FM9nNUYrRBAELZQT3xeZQ7fmMOBg6nWNmJKTcgsJeaLstP/UODVpGsr5OhXhhXg6f+qtJ8uiZ+PUxkDWcgIXLw=="
    },
    "node_modules/spacetime": {
      "version": "6.13.1",
      "resolved": "https://registry.npmjs.org/spacetime/-/spacetime-6.13.1.tgz",
      "integrity": "sha512-sXpF4WxTt637z2THlmwfe2OVIIsjPV660NN6oPNsLpFpTt6WtcvImqneWgQJEQDk6S+FfTm4tdiI57Qenb4Idw=="
    },
    "node_modules/timezone-soft": {
      "version": "1.2.0",
      "resolved": "https://registry.npmjs.org/timezone-soft/-/timezone-soft-1.2.0.tgz",
      "integrity": "sha512-7wnfsUrIOiiVtwm1hVPnBrBfLse1IXlGr9gJPMpouPvWu/Fmj2hm2+RntBw/evhE4pMxzQTfKlbv9BfWB9C8qg==",
      "dependencies": {
        "efrt-unpack": "2.2.0"
      }
    }
  },
  "dependencies": {
    "efrt-unpack": {
      "version": "2.2.0",
      "resolved": "https://registry.npmjs.org/efrt-unpack/-/efrt-unpack-2.2.0.tgz",
      "integrity": "sha512-9xUSSj7qcUxz+0r4X3+bwUNttEfGfK5AH+LVa1aTpqdAfrN5VhROYCfcF+up4hp5OL7IUKcZJJrzAGipQRDoiQ=="
    },
    "minimist": {
      "version": "1.2.5",
      "resolved": "https://registry.npmjs.org/minimist/-/minimist-1.2.5.tgz",
      "integrity": "sha512-FM9nNUYrRBAELZQT3xeZQ7fmMOBg6nWNmJKTcgsJeaLstP/UODVpGsr5OhXhhXg6f+qtJ8uiZ+PUxkDWcgIXLw=="
    },
    "spacetime": {
      "version": "6.13.1",
      "resolved": "https://registry.npmjs.org/spacetime/-/spacetime-6.13.1.tgz",
      "integrity": "sha512-sXpF4WxTt637z2THlmwfe2OVIIsjPV660NN6oPNsLpFpTt6WtcvImqneWgQJEQDk6S+FfTm4tdiI57Qenb4Idw=="
    },
    "timezone-soft": {
      "version": "1.2.0",
      "resolved": "https://registry.npmjs.org/timezone-soft/-/timezone-soft-1.2.0.tgz",
      "integrity": "sha512-7wnfsUrIOiiVtwm1hVPnBrBfLse1IXlGr9gJPMpouPvWu/Fmj2hm2+RntBw/evhE4pMxzQTfKlbv9BfWB9C8qg==",
      "requires": {
        "efrt-unpack": "2.2.0"
      }
    }
  }
}
