{
  "name": "space-age",
  "version": "0.0.1",
  "lockfileVersion": 2,
  "requires": true,
  "packages": {
    "": {
      "name": "space-age",
      "version": "0.0.1",
      "license": "MIT",
      "dependencies": {
        "minimist": "^1.2.5",
        "spacetime": "^6.13.1"
      },
      "bin": {
        "space-age": "cli.js"
      },
      "engines": {
        "node": ">=10"
      }
    },
    "node_modules/minimist": {
      "version": "1.2.5",
      "resolved": "https://registry.npmjs.org/minimist/-/minimist-1.2.5.tgz",
      "integrity": "sha512-FM9nNUYrRBAELZQT3xeZQ7fmMOBg6nWNmJKTcgsJeaLstP/UODVpGsr5OhXhhXg6f+qtJ8uiZ+PUxkDWcgIXLw=="
    },
    "node_modules/spacetime": {
      "version": "6.13.1",
      "resolved": "https://registry.npmjs.org/spacetime/-/spacetime-6.13.1.tgz",
      "integrity": "sha512-sXpF4WxTt637z2THlmwfe2OVIIsjPV660NN6oPNsLpFpTt6WtcvImqneWgQJEQDk6S+FfTm4tdiI57Qenb4Idw=="
    }
  },
  "dependencies": {
    "minimist": {
      "version": "1.2.5",
      "resolved": "https://registry.npmjs.org/minimist/-/minimist-1.2.5.tgz",
      "integrity": "sha512-FM9nNUYrRBAELZQT3xeZQ7fmMOBg6nWNmJKTcgsJeaLstP/UODVpGsr5OhXhhXg6f+qtJ8uiZ+PUxkDWcgIXLw=="
    },
    "spacetime": {
      "version": "6.13.1",
      "resolved": "https://registry.npmjs.org/spacetime/-/spacetime-6.13.1.tgz",
      "integrity": "sha512-sXpF4WxTt637z2THlmwfe2OVIIsjPV660NN6oPNsLpFpTt6WtcvImqneWgQJEQDk6S+FfTm4tdiI57Qenb4Idw=="
    }
  }
}
