{
  "name": "space-age",
  "version": "0.0.1",
  "lockfileVersion": 2,
  "requires": true,
  "packages": {
    "": {
      "name": "space-age",
      "version": "0.0.1",
      "license": "MIT",
      "dependencies": {
        "minimist": "^1.2.5",
        "spacetime": "6.16.3"
      },
      "bin": {
        "space-age": "cli.js"
      },
      "engines": {
        "node": ">=8"
      }
    },
    "node_modules/minimist": {
      "version": "1.2.5",
      "resolved": "https://registry.npmjs.org/minimist/-/minimist-1.2.5.tgz",
      "integrity": "sha512-FM9nNUYrRBAELZQT3xeZQ7fmMOBg6nWNmJKTcgsJeaLstP/UODVpGsr5OhXhhXg6f+qtJ8uiZ+PUxkDWcgIXLw=="
    },
    "node_modules/spacetime": {
      "version": "6.16.3",
      "resolved": "https://registry.npmjs.org/spacetime/-/spacetime-6.16.3.tgz",
      "integrity": "sha512-JQEfj3VHT1gU1IMV5NvhgAP8P+2mDFd84ZCiHN//dp6hRKmuW0IizHissy62lO0nilfFjVhnoSaMC7te+Y5f4A=="
    }
  },
  "dependencies": {
    "minimist": {
      "version": "1.2.5",
      "resolved": "https://registry.npmjs.org/minimist/-/minimist-1.2.5.tgz",
      "integrity": "sha512-FM9nNUYrRBAELZQT3xeZQ7fmMOBg6nWNmJKTcgsJeaLstP/UODVpGsr5OhXhhXg6f+qtJ8uiZ+PUxkDWcgIXLw=="
    },
    "spacetime": {
      "version": "6.16.3",
      "resolved": "https://registry.npmjs.org/spacetime/-/spacetime-6.16.3.tgz",
      "integrity": "sha512-JQEfj3VHT1gU1IMV5NvhgAP8P+2mDFd84ZCiHN//dp6hRKmuW0IizHissy62lO0nilfFjVhnoSaMC7te+Y5f4A=="
    }
  }
}
